
Microsoft Visual Studio Solution File, Format Version 12.00
# Visual Studio Version 17
VisualStudioVersion = 17.0.32014.148
MinimumVisualStudioVersion = 10.0.40219.1
Project("{9A19103F-16F7-4668-BE54-9A1E7A4F7556}") = "GameFrameX.Launcher", "GameFrameX.Launcher\GameFrameX.Launcher.csproj", "{835335CB-D99B-4CB9-99D3-A7883306E723}"
EndProject
Project("{9A19103F-16F7-4668-BE54-9A1E7A4F7556}") = "GameFrameX.Core", "GameFrameX.Core\GameFrameX.Core.csproj", "{E3C7010E-B262-473C-9EC1-69396C5D85A7}"
EndProject
Project("{9A19103F-16F7-4668-BE54-9A1E7A4F7556}") = "GameFrameX.Hotfix", "GameFrameX.Hotfix\GameFrameX.Hotfix.csproj", "{E47F7B43-E435-4B9E-AD10-1FE0D19F45CF}"
EndProject
Project("{FAE04EC0-301F-11D3-BF4B-00C04F79EFBC}") = "GameFrameX.Config", "GameFrameX.Config\GameFrameX.Config.csproj", "{08B73D90-AB00-4B9D-AE3C-AB19E6D594F9}"
EndProject
Project("{FAE04EC0-301F-11D3-BF4B-00C04F79EFBC}") = "GameFrameX.DataBase", "DataBaseServer\GameFrameX.DataBase\GameFrameX.DataBase.csproj", "{CA28CC8F-B0CB-4343-8097-959625C98E9D}"
EndProject
Project("{FAE04EC0-301F-11D3-BF4B-00C04F79EFBC}") = "GameFrameX.Extension", "GameFrameX.Extension\GameFrameX.Extension.csproj", "{5184AC05-37C8-4E14-B27E-2C6F26E0CA64}"
EndProject
Project("{FAE04EC0-301F-11D3-BF4B-00C04F79EFBC}") = "GameFrameX.Utility", "GameFrameX.Utility\GameFrameX.Utility.csproj", "{4ACAEF41-C6E5-49FB-A5DB-8F5FF924E5EA}"
EndProject
Project("{FAE04EC0-301F-11D3-BF4B-00C04F79EFBC}") = "GameFrameX.Proto", "GameFrameX.Proto\GameFrameX.Proto.csproj", "{12AA7D1B-E3EB-4DC4-BEAA-0C7BC5047B0C}"
EndProject
Project("{FAE04EC0-301F-11D3-BF4B-00C04F79EFBC}") = "GameFrameX.Log", "GameFrameX.Log\GameFrameX.Log.csproj", "{F6900217-2499-4857-967E-220E53DFAD10}"
EndProject
Project("{FAE04EC0-301F-11D3-BF4B-00C04F79EFBC}") = "GameFrameX.Setting", "GameFrameX.Setting\GameFrameX.Setting.csproj", "{766F2A06-FFF5-44B4-89D2-99A566293B86}"
EndProject
Project("{FAE04EC0-301F-11D3-BF4B-00C04F79EFBC}") = "GameFrameX.Apps", "GameFrameX.Apps\GameFrameX.Apps.csproj", "{EAA64025-FD7E-4E0F-92D1-AEBAC1A552BF}"
EndProject
Project("{FAE04EC0-301F-11D3-BF4B-00C04F79EFBC}") = "GameFrameX.NetWork", "GameFrameX.NetWork\GameFrameX.NetWork.csproj", "{D37EF2BA-A3A3-4D5F-897B-508735FF3E7F}"
EndProject
Project("{FAE04EC0-301F-11D3-BF4B-00C04F79EFBC}") = "GameFrameX.NetWork.HTTP", "GameFrameX.NetWork.HTTP\GameFrameX.NetWork.HTTP.csproj", "{145DF707-F163-42DB-860D-9885259CC1AF}"
EndProject
Project("{2150E333-8FDC-42A3-9474-1A3956D46DE8}") = "Solution Items", "Solution Items", "{5CA0010A-CD54-4964-98E9-BFEC341309B4}"
	ProjectSection(SolutionItems) = preProject
		docker-compose.yml = docker-compose.yml
		Dockerfile = Dockerfile
		logo.png = logo.png
		gameframex.key.snk = gameframex.key.snk
		Version.props = Version.props
		README.md = README.md
	EndProjectSection
EndProject
Project("{FAE04EC0-301F-11D3-BF4B-00C04F79EFBC}") = "GameFrameX.DataBase.NoSql", "DataBaseServer\GameFrameX.DataBase.NoSql\GameFrameX.DataBase.NoSql.csproj", "{B01BFC0B-9BF4-498D-893F-84B4684978A7}"
EndProject
Project("{FAE04EC0-301F-11D3-BF4B-00C04F79EFBC}") = "GameFrameX.DataBase.NoSql.Redis", "DataBaseServer\GameFrameX.DataBase.NoSql.Redis\GameFrameX.DataBase.NoSql.Redis.csproj", "{3DAFFFD6-21DF-4A82-822A-91E5E0AEC997}"
EndProject
Project("{FAE04EC0-301F-11D3-BF4B-00C04F79EFBC}") = "GameFrameX.Tests", "Tests\GameFrameX.Tests\GameFrameX.Tests.csproj", "{762F0E9F-813B-40BD-B488-A7A6919A534E}"
EndProject
Project("{FAE04EC0-301F-11D3-BF4B-00C04F79EFBC}") = "GameFrameX.ProtoBuf.Net", "GameFrameX.ProtoBuf.Net\GameFrameX.ProtoBuf.Net.csproj", "{E487194B-7F38-43B2-8942-E55AD479F5DE}"
EndProject
Project("{FAE04EC0-301F-11D3-BF4B-00C04F79EFBC}") = "GameFrameX.ServerManager", "GameFrameX.ServerManager\GameFrameX.ServerManager.csproj", "{0C904924-63CD-4154-B776-DD0C4ED7F158}"
EndProject
Project("{FAE04EC0-301F-11D3-BF4B-00C04F79EFBC}") = "GameFrameX.Client", "GameFrameX.Client\GameFrameX.Client.csproj", "{5A03B53C-7C8E-429F-BC51-94E09E5FFE8C}"
EndProject
Project("{2150E333-8FDC-42A3-9474-1A3956D46DE8}") = "Tests", "Tests", "{B2F95E64-146A-4FDE-BB8D-DE49972FA4B0}"
EndProject
Project("{FAE04EC0-301F-11D3-BF4B-00C04F79EFBC}") = "GameFrameX.Monitor", "GameFrameX.Monitor\GameFrameX.Monitor.csproj", "{54542BB2-5C6C-4A4F-9235-C37BFF6048A7}"
EndProject
Project("{2150E333-8FDC-42A3-9474-1A3956D46DE8}") = "DataBaseServer", "DataBaseServer", "{71D7AB99-1CB2-435D-9D70-05FE9FE05E84}"
EndProject
Project("{FAE04EC0-301F-11D3-BF4B-00C04F79EFBC}") = "GameFrameX.NetWork.Abstractions", "GameFrameX.NetWork.Abstractions\GameFrameX.NetWork.Abstractions.csproj", "{2B602D60-BD35-4B29-941A-2155F2B198B4}"
EndProject
Project("{FAE04EC0-301F-11D3-BF4B-00C04F79EFBC}") = "GameFrameX.NetWork.Message", "GameFrameX.NetWork.Message\GameFrameX.NetWork.Message.csproj", "{377E0DA0-61E6-4D85-B3FE-C1DFD0FF703B}"
EndProject
Project("{FAE04EC0-301F-11D3-BF4B-00C04F79EFBC}") = "GameFrameX.DataBase.Mongo", "DataBaseServer\GameFrameX.DataBase.Mongo\GameFrameX.DataBase.Mongo.csproj", "{B68E1E74-0CB9-465D-BC71-87B29B8C2C03}"
EndProject
Project("{FAE04EC0-301F-11D3-BF4B-00C04F79EFBC}") = "GameFrameX.StartUp", "GameFrameX.StartUp\GameFrameX.StartUp.csproj", "{E854CA8B-8A84-4213-8F0C-3BD6E763C80F}"
EndProject
Project("{FAE04EC0-301F-11D3-BF4B-00C04F79EFBC}") = "GameFrameX.Core.Abstractions", "GameFrameX.Core.Abstractions\GameFrameX.Core.Abstractions.csproj", "{19A7F819-0532-4488-9E5F-84E38E99468A}"
EndProject
Project("{FAE04EC0-301F-11D3-BF4B-00C04F79EFBC}") = "GameFrameX.Core.Config", "GameFrameX.Core.Config\GameFrameX.Core.Config.csproj", "{729E96D5-53C9-48FF-AE58-2F7EBE482E7C}"
EndProject
Project("{FAE04EC0-301F-11D3-BF4B-00C04F79EFBC}") = "GameFrameX.DataBase.RDS", "DataBaseServer\GameFrameX.DataBase.RDS\GameFrameX.DataBase.RDS.csproj", "{C5636E49-AD38-4AB0-82A1-6AC8FD70DA0A}"
EndProject
Project("{FAE04EC0-301F-11D3-BF4B-00C04F79EFBC}") = "GameFrameX.DataBase.RDS.MySql", "DataBaseServer\GameFrameX.DataBase.RDS.MySql\GameFrameX.DataBase.RDS.MySql.csproj", "{D8D6DA94-6C53-47C3-8339-7E15F878B3F3}"
EndProject
Project("{FAE04EC0-301F-11D3-BF4B-00C04F79EFBC}") = "GameFrameX.CodeGenerator", "GameFrameX.CodeGenerator\GameFrameX.CodeGenerator.csproj", "{136B1385-A2C7-4974-BF08-2236B023C568}"
EndProject
Global
	GlobalSection(SolutionConfigurationPlatforms) = preSolution
		Debug|Any CPU = Debug|Any CPU
		Release|Any CPU = Release|Any CPU
	EndGlobalSection
	GlobalSection(ProjectConfigurationPlatforms) = postSolution
		{835335CB-D99B-4CB9-99D3-A7883306E723}.Debug|Any CPU.ActiveCfg = Debug|Any CPU
		{835335CB-D99B-4CB9-99D3-A7883306E723}.Debug|Any CPU.Build.0 = Debug|Any CPU
		{835335CB-D99B-4CB9-99D3-A7883306E723}.Release|Any CPU.ActiveCfg = Release|Any CPU
		{835335CB-D99B-4CB9-99D3-A7883306E723}.Release|Any CPU.Build.0 = Release|Any CPU
		{E3C7010E-B262-473C-9EC1-69396C5D85A7}.Debug|Any CPU.ActiveCfg = Debug|Any CPU
		{E3C7010E-B262-473C-9EC1-69396C5D85A7}.Debug|Any CPU.Build.0 = Debug|Any CPU
		{E3C7010E-B262-473C-9EC1-69396C5D85A7}.Release|Any CPU.ActiveCfg = Release|Any CPU
		{E3C7010E-B262-473C-9EC1-69396C5D85A7}.Release|Any CPU.Build.0 = Release|Any CPU
		{E47F7B43-E435-4B9E-AD10-1FE0D19F45CF}.Debug|Any CPU.ActiveCfg = Debug|Any CPU
		{E47F7B43-E435-4B9E-AD10-1FE0D19F45CF}.Debug|Any CPU.Build.0 = Debug|Any CPU
		{E47F7B43-E435-4B9E-AD10-1FE0D19F45CF}.Release|Any CPU.ActiveCfg = Release|Any CPU
		{E47F7B43-E435-4B9E-AD10-1FE0D19F45CF}.Release|Any CPU.Build.0 = Release|Any CPU
		{08B73D90-AB00-4B9D-AE3C-AB19E6D594F9}.Debug|Any CPU.ActiveCfg = Debug|Any CPU
		{08B73D90-AB00-4B9D-AE3C-AB19E6D594F9}.Debug|Any CPU.Build.0 = Debug|Any CPU
		{08B73D90-AB00-4B9D-AE3C-AB19E6D594F9}.Release|Any CPU.ActiveCfg = Release|Any CPU
		{08B73D90-AB00-4B9D-AE3C-AB19E6D594F9}.Release|Any CPU.Build.0 = Release|Any CPU
		{CA28CC8F-B0CB-4343-8097-959625C98E9D}.Debug|Any CPU.ActiveCfg = Debug|Any CPU
		{CA28CC8F-B0CB-4343-8097-959625C98E9D}.Debug|Any CPU.Build.0 = Debug|Any CPU
		{CA28CC8F-B0CB-4343-8097-959625C98E9D}.Release|Any CPU.ActiveCfg = Release|Any CPU
		{CA28CC8F-B0CB-4343-8097-959625C98E9D}.Release|Any CPU.Build.0 = Release|Any CPU
		{5184AC05-37C8-4E14-B27E-2C6F26E0CA64}.Debug|Any CPU.ActiveCfg = Debug|Any CPU
		{5184AC05-37C8-4E14-B27E-2C6F26E0CA64}.Debug|Any CPU.Build.0 = Debug|Any CPU
		{5184AC05-37C8-4E14-B27E-2C6F26E0CA64}.Release|Any CPU.ActiveCfg = Release|Any CPU
		{5184AC05-37C8-4E14-B27E-2C6F26E0CA64}.Release|Any CPU.Build.0 = Release|Any CPU
		{4ACAEF41-C6E5-49FB-A5DB-8F5FF924E5EA}.Debug|Any CPU.ActiveCfg = Debug|Any CPU
		{4ACAEF41-C6E5-49FB-A5DB-8F5FF924E5EA}.Debug|Any CPU.Build.0 = Debug|Any CPU
		{4ACAEF41-C6E5-49FB-A5DB-8F5FF924E5EA}.Release|Any CPU.ActiveCfg = Release|Any CPU
		{4ACAEF41-C6E5-49FB-A5DB-8F5FF924E5EA}.Release|Any CPU.Build.0 = Release|Any CPU
		{12AA7D1B-E3EB-4DC4-BEAA-0C7BC5047B0C}.Debug|Any CPU.ActiveCfg = Debug|Any CPU
		{12AA7D1B-E3EB-4DC4-BEAA-0C7BC5047B0C}.Debug|Any CPU.Build.0 = Debug|Any CPU
		{12AA7D1B-E3EB-4DC4-BEAA-0C7BC5047B0C}.Release|Any CPU.ActiveCfg = Release|Any CPU
		{12AA7D1B-E3EB-4DC4-BEAA-0C7BC5047B0C}.Release|Any CPU.Build.0 = Release|Any CPU
		{F6900217-2499-4857-967E-220E53DFAD10}.Debug|Any CPU.ActiveCfg = Debug|Any CPU
		{F6900217-2499-4857-967E-220E53DFAD10}.Debug|Any CPU.Build.0 = Debug|Any CPU
		{F6900217-2499-4857-967E-220E53DFAD10}.Release|Any CPU.ActiveCfg = Release|Any CPU
		{F6900217-2499-4857-967E-220E53DFAD10}.Release|Any CPU.Build.0 = Release|Any CPU
		{766F2A06-FFF5-44B4-89D2-99A566293B86}.Debug|Any CPU.ActiveCfg = Debug|Any CPU
		{766F2A06-FFF5-44B4-89D2-99A566293B86}.Debug|Any CPU.Build.0 = Debug|Any CPU
		{766F2A06-FFF5-44B4-89D2-99A566293B86}.Release|Any CPU.ActiveCfg = Release|Any CPU
		{766F2A06-FFF5-44B4-89D2-99A566293B86}.Release|Any CPU.Build.0 = Release|Any CPU
		{EAA64025-FD7E-4E0F-92D1-AEBAC1A552BF}.Debug|Any CPU.ActiveCfg = Debug|Any CPU
		{EAA64025-FD7E-4E0F-92D1-AEBAC1A552BF}.Debug|Any CPU.Build.0 = Debug|Any CPU
		{EAA64025-FD7E-4E0F-92D1-AEBAC1A552BF}.Release|Any CPU.ActiveCfg = Release|Any CPU
		{EAA64025-FD7E-4E0F-92D1-AEBAC1A552BF}.Release|Any CPU.Build.0 = Release|Any CPU
		{D37EF2BA-A3A3-4D5F-897B-508735FF3E7F}.Debug|Any CPU.ActiveCfg = Debug|Any CPU
		{D37EF2BA-A3A3-4D5F-897B-508735FF3E7F}.Debug|Any CPU.Build.0 = Debug|Any CPU
		{D37EF2BA-A3A3-4D5F-897B-508735FF3E7F}.Release|Any CPU.ActiveCfg = Release|Any CPU
		{D37EF2BA-A3A3-4D5F-897B-508735FF3E7F}.Release|Any CPU.Build.0 = Release|Any CPU
		{145DF707-F163-42DB-860D-9885259CC1AF}.Debug|Any CPU.ActiveCfg = Debug|Any CPU
		{145DF707-F163-42DB-860D-9885259CC1AF}.Debug|Any CPU.Build.0 = Debug|Any CPU
		{145DF707-F163-42DB-860D-9885259CC1AF}.Release|Any CPU.ActiveCfg = Release|Any CPU
		{145DF707-F163-42DB-860D-9885259CC1AF}.Release|Any CPU.Build.0 = Release|Any CPU
		{B01BFC0B-9BF4-498D-893F-84B4684978A7}.Debug|Any CPU.ActiveCfg = Debug|Any CPU
		{B01BFC0B-9BF4-498D-893F-84B4684978A7}.Debug|Any CPU.Build.0 = Debug|Any CPU
		{B01BFC0B-9BF4-498D-893F-84B4684978A7}.Release|Any CPU.ActiveCfg = Release|Any CPU
		{B01BFC0B-9BF4-498D-893F-84B4684978A7}.Release|Any CPU.Build.0 = Release|Any CPU
		{3DAFFFD6-21DF-4A82-822A-91E5E0AEC997}.Debug|Any CPU.ActiveCfg = Debug|Any CPU
		{3DAFFFD6-21DF-4A82-822A-91E5E0AEC997}.Debug|Any CPU.Build.0 = Debug|Any CPU
		{3DAFFFD6-21DF-4A82-822A-91E5E0AEC997}.Release|Any CPU.ActiveCfg = Release|Any CPU
		{3DAFFFD6-21DF-4A82-822A-91E5E0AEC997}.Release|Any CPU.Build.0 = Release|Any CPU
		{762F0E9F-813B-40BD-B488-A7A6919A534E}.Debug|Any CPU.ActiveCfg = Debug|Any CPU
		{762F0E9F-813B-40BD-B488-A7A6919A534E}.Debug|Any CPU.Build.0 = Debug|Any CPU
		{762F0E9F-813B-40BD-B488-A7A6919A534E}.Release|Any CPU.ActiveCfg = Release|Any CPU
		{762F0E9F-813B-40BD-B488-A7A6919A534E}.Release|Any CPU.Build.0 = Release|Any CPU
		{E487194B-7F38-43B2-8942-E55AD479F5DE}.Debug|Any CPU.ActiveCfg = Debug|Any CPU
		{E487194B-7F38-43B2-8942-E55AD479F5DE}.Debug|Any CPU.Build.0 = Debug|Any CPU
		{E487194B-7F38-43B2-8942-E55AD479F5DE}.Release|Any CPU.ActiveCfg = Release|Any CPU
		{E487194B-7F38-43B2-8942-E55AD479F5DE}.Release|Any CPU.Build.0 = Release|Any CPU
		{0C904924-63CD-4154-B776-DD0C4ED7F158}.Debug|Any CPU.ActiveCfg = Debug|Any CPU
		{0C904924-63CD-4154-B776-DD0C4ED7F158}.Debug|Any CPU.Build.0 = Debug|Any CPU
		{0C904924-63CD-4154-B776-DD0C4ED7F158}.Release|Any CPU.ActiveCfg = Release|Any CPU
		{0C904924-63CD-4154-B776-DD0C4ED7F158}.Release|Any CPU.Build.0 = Release|Any CPU
		{5A03B53C-7C8E-429F-BC51-94E09E5FFE8C}.Debug|Any CPU.ActiveCfg = Debug|Any CPU
		{5A03B53C-7C8E-429F-BC51-94E09E5FFE8C}.Debug|Any CPU.Build.0 = Debug|Any CPU
		{5A03B53C-7C8E-429F-BC51-94E09E5FFE8C}.Release|Any CPU.ActiveCfg = Release|Any CPU
		{5A03B53C-7C8E-429F-BC51-94E09E5FFE8C}.Release|Any CPU.Build.0 = Release|Any CPU
		{54542BB2-5C6C-4A4F-9235-C37BFF6048A7}.Debug|Any CPU.ActiveCfg = Debug|Any CPU
		{54542BB2-5C6C-4A4F-9235-C37BFF6048A7}.Debug|Any CPU.Build.0 = Debug|Any CPU
		{54542BB2-5C6C-4A4F-9235-C37BFF6048A7}.Release|Any CPU.ActiveCfg = Release|Any CPU
		{54542BB2-5C6C-4A4F-9235-C37BFF6048A7}.Release|Any CPU.Build.0 = Release|Any CPU
		{2B602D60-BD35-4B29-941A-2155F2B198B4}.Debug|Any CPU.ActiveCfg = Debug|Any CPU
		{2B602D60-BD35-4B29-941A-2155F2B198B4}.Debug|Any CPU.Build.0 = Debug|Any CPU
		{2B602D60-BD35-4B29-941A-2155F2B198B4}.Release|Any CPU.ActiveCfg = Release|Any CPU
		{2B602D60-BD35-4B29-941A-2155F2B198B4}.Release|Any CPU.Build.0 = Release|Any CPU
		{377E0DA0-61E6-4D85-B3FE-C1DFD0FF703B}.Debug|Any CPU.ActiveCfg = Debug|Any CPU
		{377E0DA0-61E6-4D85-B3FE-C1DFD0FF703B}.Debug|Any CPU.Build.0 = Debug|Any CPU
		{377E0DA0-61E6-4D85-B3FE-C1DFD0FF703B}.Release|Any CPU.ActiveCfg = Release|Any CPU
		{377E0DA0-61E6-4D85-B3FE-C1DFD0FF703B}.Release|Any CPU.Build.0 = Release|Any CPU
		{B68E1E74-0CB9-465D-BC71-87B29B8C2C03}.Debug|Any CPU.ActiveCfg = Debug|Any CPU
		{B68E1E74-0CB9-465D-BC71-87B29B8C2C03}.Debug|Any CPU.Build.0 = Debug|Any CPU
		{B68E1E74-0CB9-465D-BC71-87B29B8C2C03}.Release|Any CPU.ActiveCfg = Release|Any CPU
		{B68E1E74-0CB9-465D-BC71-87B29B8C2C03}.Release|Any CPU.Build.0 = Release|Any CPU
		{E854CA8B-8A84-4213-8F0C-3BD6E763C80F}.Debug|Any CPU.ActiveCfg = Debug|Any CPU
		{E854CA8B-8A84-4213-8F0C-3BD6E763C80F}.Debug|Any CPU.Build.0 = Debug|Any CPU
		{E854CA8B-8A84-4213-8F0C-3BD6E763C80F}.Release|Any CPU.ActiveCfg = Release|Any CPU
		{E854CA8B-8A84-4213-8F0C-3BD6E763C80F}.Release|Any CPU.Build.0 = Release|Any CPU
		{19A7F819-0532-4488-9E5F-84E38E99468A}.Debug|Any CPU.ActiveCfg = Debug|Any CPU
		{19A7F819-0532-4488-9E5F-84E38E99468A}.Debug|Any CPU.Build.0 = Debug|Any CPU
		{19A7F819-0532-4488-9E5F-84E38E99468A}.Release|Any CPU.ActiveCfg = Release|Any CPU
		{19A7F819-0532-4488-9E5F-84E38E99468A}.Release|Any CPU.Build.0 = Release|Any CPU
		{729E96D5-53C9-48FF-AE58-2F7EBE482E7C}.Debug|Any CPU.ActiveCfg = Debug|Any CPU
		{729E96D5-53C9-48FF-AE58-2F7EBE482E7C}.Debug|Any CPU.Build.0 = Debug|Any CPU
		{729E96D5-53C9-48FF-AE58-2F7EBE482E7C}.Release|Any CPU.ActiveCfg = Release|Any CPU
		{729E96D5-53C9-48FF-AE58-2F7EBE482E7C}.Release|Any CPU.Build.0 = Release|Any CPU
		{C5636E49-AD38-4AB0-82A1-6AC8FD70DA0A}.Debug|Any CPU.ActiveCfg = Debug|Any CPU
		{C5636E49-AD38-4AB0-82A1-6AC8FD70DA0A}.Debug|Any CPU.Build.0 = Debug|Any CPU
		{C5636E49-AD38-4AB0-82A1-6AC8FD70DA0A}.Release|Any CPU.ActiveCfg = Release|Any CPU
		{C5636E49-AD38-4AB0-82A1-6AC8FD70DA0A}.Release|Any CPU.Build.0 = Release|Any CPU
		{D8D6DA94-6C53-47C3-8339-7E15F878B3F3}.Debug|Any CPU.ActiveCfg = Debug|Any CPU
		{D8D6DA94-6C53-47C3-8339-7E15F878B3F3}.Debug|Any CPU.Build.0 = Debug|Any CPU
		{D8D6DA94-6C53-47C3-8339-7E15F878B3F3}.Release|Any CPU.ActiveCfg = Release|Any CPU
		{D8D6DA94-6C53-47C3-8339-7E15F878B3F3}.Release|Any CPU.Build.0 = Release|Any CPU
		{136B1385-A2C7-4974-BF08-2236B023C568}.Debug|Any CPU.ActiveCfg = Debug|Any CPU
		{136B1385-A2C7-4974-BF08-2236B023C568}.Debug|Any CPU.Build.0 = Debug|Any CPU
		{136B1385-A2C7-4974-BF08-2236B023C568}.Release|Any CPU.ActiveCfg = Release|Any CPU
		{136B1385-A2C7-4974-BF08-2236B023C568}.Release|Any CPU.Build.0 = Release|Any CPU
	EndGlobalSection
	GlobalSection(SolutionProperties) = preSolution
		HideSolutionNode = FALSE
	EndGlobalSection
	GlobalSection(ExtensibilityGlobals) = postSolution
		SolutionGuid = {7DFBA9A0-D615-4A16-B856-216DEA0DD25D}
	EndGlobalSection
	GlobalSection(NestedProjects) = preSolution
		{762F0E9F-813B-40BD-B488-A7A6919A534E} = {B2F95E64-146A-4FDE-BB8D-DE49972FA4B0}
		{CA28CC8F-B0CB-4343-8097-959625C98E9D} = {71D7AB99-1CB2-435D-9D70-05FE9FE05E84}
		{B01BFC0B-9BF4-498D-893F-84B4684978A7} = {71D7AB99-1CB2-435D-9D70-05FE9FE05E84}
		{3DAFFFD6-21DF-4A82-822A-91E5E0AEC997} = {71D7AB99-1CB2-435D-9D70-05FE9FE05E84}
		{B68E1E74-0CB9-465D-BC71-87B29B8C2C03} = {71D7AB99-1CB2-435D-9D70-05FE9FE05E84}
		{C5636E49-AD38-4AB0-82A1-6AC8FD70DA0A} = {71D7AB99-1CB2-435D-9D70-05FE9FE05E84}
		{D8D6DA94-6C53-47C3-8339-7E15F878B3F3} = {71D7AB99-1CB2-435D-9D70-05FE9FE05E84}
	EndGlobalSection
EndGlobal
